// !$*UTF8*$!
{
	archiveVersion = 1;
	classes = {
	};
	objectVersion = 56;
	objects = {

/* Begin PBXBuildFile section */
		6841E9FA2B6BBB1A00E2E45F /* CheckpointNavigator.swift in Sources */ = {isa = PBXBuildFile; fileRef = 6841E9F92B6BBB1A00E2E45F /* CheckpointNavigator.swift */; };
		684886FB2B6A507C008B66B1 /* challenges_100_days_of_swift_uiApp.swift in Sources */ = {isa = PBXBuildFile; fileRef = 684886FA2B6A507C008B66B1 /* challenges_100_days_of_swift_uiApp.swift */; };
		684886FD2B6A507C008B66B1 /* TemperatureConverter.swift in Sources */ = {isa = PBXBuildFile; fileRef = 684886FC2B6A507C008B66B1 /* TemperatureConverter.swift */; };
		684886FF2B6A507E008B66B1 /* Assets.xcassets in Resources */ = {isa = PBXBuildFile; fileRef = 684886FE2B6A507E008B66B1 /* Assets.xcassets */; };
		684887022B6A507E008B66B1 /* Preview Assets.xcassets in Resources */ = {isa = PBXBuildFile; fileRef = 684887012B6A507E008B66B1 /* Preview Assets.xcassets */; };
		6848870C2B6A507E008B66B1 /* challenges_100_days_of_swift_uiTests.swift in Sources */ = {isa = PBXBuildFile; fileRef = 6848870B2B6A507E008B66B1 /* challenges_100_days_of_swift_uiTests.swift */; };
		684887162B6A507E008B66B1 /* challenges_100_days_of_swift_uiUITests.swift in Sources */ = {isa = PBXBuildFile; fileRef = 684887152B6A507E008B66B1 /* challenges_100_days_of_swift_uiUITests.swift */; };
		684887182B6A507E008B66B1 /* challenges_100_days_of_swift_uiUITestsLaunchTests.swift in Sources */ = {isa = PBXBuildFile; fileRef = 684887172B6A507E008B66B1 /* challenges_100_days_of_swift_uiUITestsLaunchTests.swift */; };
		684887272B6A5301008B66B1 /* TemperatureConverterModel.swift in Sources */ = {isa = PBXBuildFile; fileRef = 684887262B6A5301008B66B1 /* TemperatureConverterModel.swift */; };
		68D5837F2B6A5F5000726232 /* UniqueItems.swift in Sources */ = {isa = PBXBuildFile; fileRef = 68D5837E2B6A5F5000726232 /* UniqueItems.swift */; };
		68D583812B6A5F6100726232 /* UniqueItemsModel.swift in Sources */ = {isa = PBXBuildFile; fileRef = 68D583802B6A5F6100726232 /* UniqueItemsModel.swift */; };
		68D583842B6A65FB00726232 /* FizzBuzz.swift in Sources */ = {isa = PBXBuildFile; fileRef = 68D583832B6A65FB00726232 /* FizzBuzz.swift */; };
		68D583862B6A662F00726232 /* FizzBuzzModel.swift in Sources */ = {isa = PBXBuildFile; fileRef = 68D583852B6A662F00726232 /* FizzBuzzModel.swift */; };
		68D583882B6BB4B400726232 /* DefaultUIView.swift in Sources */ = {isa = PBXBuildFile; fileRef = 68D583872B6BB4B400726232 /* DefaultUIView.swift */; };
/* End PBXBuildFile section */

/* Begin PBXContainerItemProxy section */
		684887082B6A507E008B66B1 /* PBXContainerItemProxy */ = {
			isa = PBXContainerItemProxy;
			containerPortal = 684886EF2B6A507C008B66B1 /* Project object */;
			proxyType = 1;
			remoteGlobalIDString = 684886F62B6A507C008B66B1;
			remoteInfo = "challenges-100-days-of-swift-ui";
		};
		684887122B6A507E008B66B1 /* PBXContainerItemProxy */ = {
			isa = PBXContainerItemProxy;
			containerPortal = 684886EF2B6A507C008B66B1 /* Project object */;
			proxyType = 1;
			remoteGlobalIDString = 684886F62B6A507C008B66B1;
			remoteInfo = "challenges-100-days-of-swift-ui";
		};
/* End PBXContainerItemProxy section */

/* Begin PBXFileReference section */
		6841E9F92B6BBB1A00E2E45F /* CheckpointNavigator.swift */ = {isa = PBXFileReference; lastKnownFileType = sourcecode.swift; path = CheckpointNavigator.swift; sourceTree = "<group>"; };
		684886F72B6A507C008B66B1 /* challenges-100-days-of-swift-ui.app */ = {isa = PBXFileReference; explicitFileType = wrapper.application; includeInIndex = 0; path = "challenges-100-days-of-swift-ui.app"; sourceTree = BUILT_PRODUCTS_DIR; };
		684886FA2B6A507C008B66B1 /* challenges_100_days_of_swift_uiApp.swift */ = {isa = PBXFileReference; lastKnownFileType = sourcecode.swift; path = challenges_100_days_of_swift_uiApp.swift; sourceTree = "<group>"; };
		684886FC2B6A507C008B66B1 /* TemperatureConverter.swift */ = {isa = PBXFileReference; lastKnownFileType = sourcecode.swift; path = TemperatureConverter.swift; sourceTree = "<group>"; };
		684886FE2B6A507E008B66B1 /* Assets.xcassets */ = {isa = PBXFileReference; lastKnownFileType = folder.assetcatalog; path = Assets.xcassets; sourceTree = "<group>"; };
		684887012B6A507E008B66B1 /* Preview Assets.xcassets */ = {isa = PBXFileReference; lastKnownFileType = folder.assetcatalog; path = "Preview Assets.xcassets"; sourceTree = "<group>"; };
		684887072B6A507E008B66B1 /* challenges-100-days-of-swift-uiTests.xctest */ = {isa = PBXFileReference; explicitFileType = wrapper.cfbundle; includeInIndex = 0; path = "challenges-100-days-of-swift-uiTests.xctest"; sourceTree = BUILT_PRODUCTS_DIR; };
		6848870B2B6A507E008B66B1 /* challenges_100_days_of_swift_uiTests.swift */ = {isa = PBXFileReference; lastKnownFileType = sourcecode.swift; path = challenges_100_days_of_swift_uiTests.swift; sourceTree = "<group>"; };
		684887112B6A507E008B66B1 /* challenges-100-days-of-swift-uiUITests.xctest */ = {isa = PBXFileReference; explicitFileType = wrapper.cfbundle; includeInIndex = 0; path = "challenges-100-days-of-swift-uiUITests.xctest"; sourceTree = BUILT_PRODUCTS_DIR; };
		684887152B6A507E008B66B1 /* challenges_100_days_of_swift_uiUITests.swift */ = {isa = PBXFileReference; lastKnownFileType = sourcecode.swift; path = challenges_100_days_of_swift_uiUITests.swift; sourceTree = "<group>"; };
		684887172B6A507E008B66B1 /* challenges_100_days_of_swift_uiUITestsLaunchTests.swift */ = {isa = PBXFileReference; lastKnownFileType = sourcecode.swift; path = challenges_100_days_of_swift_uiUITestsLaunchTests.swift; sourceTree = "<group>"; };
		684887242B6A50E1008B66B1 /* .gitignore */ = {isa = PBXFileReference; lastKnownFileType = text; path = .gitignore; sourceTree = "<group>"; };
		684887262B6A5301008B66B1 /* TemperatureConverterModel.swift */ = {isa = PBXFileReference; lastKnownFileType = sourcecode.swift; path = TemperatureConverterModel.swift; sourceTree = "<group>"; };
		68D5837E2B6A5F5000726232 /* UniqueItems.swift */ = {isa = PBXFileReference; lastKnownFileType = sourcecode.swift; path = UniqueItems.swift; sourceTree = "<group>"; };
		68D583802B6A5F6100726232 /* UniqueItemsModel.swift */ = {isa = PBXFileReference; lastKnownFileType = sourcecode.swift; path = UniqueItemsModel.swift; sourceTree = "<group>"; };
		68D583832B6A65FB00726232 /* FizzBuzz.swift */ = {isa = PBXFileReference; lastKnownFileType = sourcecode.swift; path = FizzBuzz.swift; sourceTree = "<group>"; };
		68D583852B6A662F00726232 /* FizzBuzzModel.swift */ = {isa = PBXFileReference; lastKnownFileType = sourcecode.swift; path = FizzBuzzModel.swift; sourceTree = "<group>"; };
		68D583872B6BB4B400726232 /* DefaultUIView.swift */ = {isa = PBXFileReference; lastKnownFileType = sourcecode.swift; path = DefaultUIView.swift; sourceTree = "<group>"; };
/* End PBXFileReference section */

/* Begin PBXFrameworksBuildPhase section */
		684886F42B6A507C008B66B1 /* Frameworks */ = {
			isa = PBXFrameworksBuildPhase;
			buildActionMask = 2147483647;
			files = (
			);
			runOnlyForDeploymentPostprocessing = 0;
		};
		684887042B6A507E008B66B1 /* Frameworks */ = {
			isa = PBXFrameworksBuildPhase;
			buildActionMask = 2147483647;
			files = (
			);
			runOnlyForDeploymentPostprocessing = 0;
		};
		6848870E2B6A507E008B66B1 /* Frameworks */ = {
			isa = PBXFrameworksBuildPhase;
			buildActionMask = 2147483647;
			files = (
			);
			runOnlyForDeploymentPostprocessing = 0;
		};
/* End PBXFrameworksBuildPhase section */

/* Begin PBXGroup section */
		6824B2732B6A5E9700FF491F /* Checkpoint-2 */ = {
			isa = PBXGroup;
			children = (
				68D5837E2B6A5F5000726232 /* UniqueItems.swift */,
				68D583802B6A5F6100726232 /* UniqueItemsModel.swift */,
			);
			path = "Checkpoint-2";
			sourceTree = "<group>";
		};
		684886EE2B6A507C008B66B1 = {
			isa = PBXGroup;
			children = (
				684887242B6A50E1008B66B1 /* .gitignore */,
				684886F92B6A507C008B66B1 /* challenges-100-days-of-swift-ui */,
				6848870A2B6A507E008B66B1 /* challenges-100-days-of-swift-uiTests */,
				684887142B6A507E008B66B1 /* challenges-100-days-of-swift-uiUITests */,
				684886F82B6A507C008B66B1 /* Products */,
			);
			sourceTree = "<group>";
		};
		684886F82B6A507C008B66B1 /* Products */ = {
			isa = PBXGroup;
			children = (
				684886F72B6A507C008B66B1 /* challenges-100-days-of-swift-ui.app */,
				684887072B6A507E008B66B1 /* challenges-100-days-of-swift-uiTests.xctest */,
				684887112B6A507E008B66B1 /* challenges-100-days-of-swift-uiUITests.xctest */,
			);
			name = Products;
			sourceTree = "<group>";
		};
		684886F92B6A507C008B66B1 /* challenges-100-days-of-swift-ui */ = {
			isa = PBXGroup;
			children = (
				6841E9F92B6BBB1A00E2E45F /* CheckpointNavigator.swift */,
				684886FA2B6A507C008B66B1 /* challenges_100_days_of_swift_uiApp.swift */,
				684887252B6A521C008B66B1 /* Checkpoint-1 */,
				6824B2732B6A5E9700FF491F /* Checkpoint-2 */,
				68D583822B6A65D000726232 /* Checkpoint-3 */,
				684886FE2B6A507E008B66B1 /* Assets.xcassets */,
				684887002B6A507E008B66B1 /* Preview Content */,
				68D583872B6BB4B400726232 /* DefaultUIView.swift */,
			);
			path = "challenges-100-days-of-swift-ui";
			sourceTree = "<group>";
		};
		684887002B6A507E008B66B1 /* Preview Content */ = {
			isa = PBXGroup;
			children = (
				684887012B6A507E008B66B1 /* Preview Assets.xcassets */,
			);
			path = "Preview Content";
			sourceTree = "<group>";
		};
		6848870A2B6A507E008B66B1 /* challenges-100-days-of-swift-uiTests */ = {
			isa = PBXGroup;
			children = (
				6848870B2B6A507E008B66B1 /* challenges_100_days_of_swift_uiTests.swift */,
			);
			path = "challenges-100-days-of-swift-uiTests";
			sourceTree = "<group>";
		};
		684887142B6A507E008B66B1 /* challenges-100-days-of-swift-uiUITests */ = {
			isa = PBXGroup;
			children = (
				684887152B6A507E008B66B1 /* challenges_100_days_of_swift_uiUITests.swift */,
				684887172B6A507E008B66B1 /* challenges_100_days_of_swift_uiUITestsLaunchTests.swift */,
			);
			path = "challenges-100-days-of-swift-uiUITests";
			sourceTree = "<group>";
		};
		684887252B6A521C008B66B1 /* Checkpoint-1 */ = {
			isa = PBXGroup;
			children = (
				684886FC2B6A507C008B66B1 /* TemperatureConverter.swift */,
				684887262B6A5301008B66B1 /* TemperatureConverterModel.swift */,
			);
			path = "Checkpoint-1";
			sourceTree = "<group>";
		};
		68D583822B6A65D000726232 /* Checkpoint-3 */ = {
			isa = PBXGroup;
			children = (
				68D583832B6A65FB00726232 /* FizzBuzz.swift */,
				68D583852B6A662F00726232 /* FizzBuzzModel.swift */,
			);
			path = "Checkpoint-3";
			sourceTree = "<group>";
		};
/* End PBXGroup section */

/* Begin PBXNativeTarget section */
		684886F62B6A507C008B66B1 /* challenges-100-days-of-swift-ui */ = {
			isa = PBXNativeTarget;
			buildConfigurationList = 6848871B2B6A507E008B66B1 /* Build configuration list for PBXNativeTarget "challenges-100-days-of-swift-ui" */;
			buildPhases = (
				684886F32B6A507C008B66B1 /* Sources */,
				684886F42B6A507C008B66B1 /* Frameworks */,
				684886F52B6A507C008B66B1 /* Resources */,
			);
			buildRules = (
			);
			dependencies = (
			);
			name = "challenges-100-days-of-swift-ui";
			productName = "challenges-100-days-of-swift-ui";
			productReference = 684886F72B6A507C008B66B1 /* challenges-100-days-of-swift-ui.app */;
			productType = "com.apple.product-type.application";
		};
		684887062B6A507E008B66B1 /* challenges-100-days-of-swift-uiTests */ = {
			isa = PBXNativeTarget;
			buildConfigurationList = 6848871E2B6A507E008B66B1 /* Build configuration list for PBXNativeTarget "challenges-100-days-of-swift-uiTests" */;
			buildPhases = (
				684887032B6A507E008B66B1 /* Sources */,
				684887042B6A507E008B66B1 /* Frameworks */,
				684887052B6A507E008B66B1 /* Resources */,
			);
			buildRules = (
			);
			dependencies = (
				684887092B6A507E008B66B1 /* PBXTargetDependency */,
			);
			name = "challenges-100-days-of-swift-uiTests";
			productName = "challenges-100-days-of-swift-uiTests";
			productReference = 684887072B6A507E008B66B1 /* challenges-100-days-of-swift-uiTests.xctest */;
			productType = "com.apple.product-type.bundle.unit-test";
		};
		684887102B6A507E008B66B1 /* challenges-100-days-of-swift-uiUITests */ = {
			isa = PBXNativeTarget;
			buildConfigurationList = 684887212B6A507E008B66B1 /* Build configuration list for PBXNativeTarget "challenges-100-days-of-swift-uiUITests" */;
			buildPhases = (
				6848870D2B6A507E008B66B1 /* Sources */,
				6848870E2B6A507E008B66B1 /* Frameworks */,
				6848870F2B6A507E008B66B1 /* Resources */,
			);
			buildRules = (
			);
			dependencies = (
				684887132B6A507E008B66B1 /* PBXTargetDependency */,
			);
			name = "challenges-100-days-of-swift-uiUITests";
			productName = "challenges-100-days-of-swift-uiUITests";
			productReference = 684887112B6A507E008B66B1 /* challenges-100-days-of-swift-uiUITests.xctest */;
			productType = "com.apple.product-type.bundle.ui-testing";
		};
/* End PBXNativeTarget section */

/* Begin PBXProject section */
		684886EF2B6A507C008B66B1 /* Project object */ = {
			isa = PBXProject;
			attributes = {
				BuildIndependentTargetsInParallel = 1;
				LastSwiftUpdateCheck = 1520;
				LastUpgradeCheck = 1520;
				TargetAttributes = {
					684886F62B6A507C008B66B1 = {
						CreatedOnToolsVersion = 15.2;
					};
					684887062B6A507E008B66B1 = {
						CreatedOnToolsVersion = 15.2;
						TestTargetID = 684886F62B6A507C008B66B1;
					};
					684887102B6A507E008B66B1 = {
						CreatedOnToolsVersion = 15.2;
						TestTargetID = 684886F62B6A507C008B66B1;
					};
				};
			};
			buildConfigurationList = 684886F22B6A507C008B66B1 /* Build configuration list for PBXProject "challenges-100-days-of-swift-ui" */;
			compatibilityVersion = "Xcode 14.0";
			developmentRegion = en;
			hasScannedForEncodings = 0;
			knownRegions = (
				en,
				Base,
			);
			mainGroup = 684886EE2B6A507C008B66B1;
			productRefGroup = 684886F82B6A507C008B66B1 /* Products */;
			projectDirPath = "";
			projectRoot = "";
			targets = (
				684886F62B6A507C008B66B1 /* challenges-100-days-of-swift-ui */,
				684887062B6A507E008B66B1 /* challenges-100-days-of-swift-uiTests */,
				684887102B6A507E008B66B1 /* challenges-100-days-of-swift-uiUITests */,
			);
		};
/* End PBXProject section */

/* Begin PBXResourcesBuildPhase section */
		684886F52B6A507C008B66B1 /* Resources */ = {
			isa = PBXResourcesBuildPhase;
			buildActionMask = 2147483647;
			files = (
				684887022B6A507E008B66B1 /* Preview Assets.xcassets in Resources */,
				684886FF2B6A507E008B66B1 /* Assets.xcassets in Resources */,
			);
			runOnlyForDeploymentPostprocessing = 0;
		};
		684887052B6A507E008B66B1 /* Resources */ = {
			isa = PBXResourcesBuildPhase;
			buildActionMask = 2147483647;
			files = (
			);
			runOnlyForDeploymentPostprocessing = 0;
		};
		6848870F2B6A507E008B66B1 /* Resources */ = {
			isa = PBXResourcesBuildPhase;
			buildActionMask = 2147483647;
			files = (
			);
			runOnlyForDeploymentPostprocessing = 0;
		};
/* End PBXResourcesBuildPhase section */

/* Begin PBXSourcesBuildPhase section */
		684886F32B6A507C008B66B1 /* Sources */ = {
			isa = PBXSourcesBuildPhase;
			buildActionMask = 2147483647;
			files = (
				6841E9FA2B6BBB1A00E2E45F /* CheckpointNavigator.swift in Sources */,
				684887272B6A5301008B66B1 /* TemperatureConverterModel.swift in Sources */,
				68D5837F2B6A5F5000726232 /* UniqueItems.swift in Sources */,
				684886FD2B6A507C008B66B1 /* TemperatureConverter.swift in Sources */,
				68D583862B6A662F00726232 /* FizzBuzzModel.swift in Sources */,
				68D583882B6BB4B400726232 /* DefaultUIView.swift in Sources */,
				684886FB2B6A507C008B66B1 /* challenges_100_days_of_swift_uiApp.swift in Sources */,
				68D583812B6A5F6100726232 /* UniqueItemsModel.swift in Sources */,
				68D583842B6A65FB00726232 /* FizzBuzz.swift in Sources */,
			);
			runOnlyForDeploymentPostprocessing = 0;
		};
		684887032B6A507E008B66B1 /* Sources */ = {
			isa = PBXSourcesBuildPhase;
			buildActionMask = 2147483647;
			files = (
				6848870C2B6A507E008B66B1 /* challenges_100_days_of_swift_uiTests.swift in Sources */,
			);
			runOnlyForDeploymentPostprocessing = 0;
		};
		6848870D2B6A507E008B66B1 /* Sources */ = {
			isa = PBXSourcesBuildPhase;
			buildActionMask = 2147483647;
			files = (
				684887182B6A507E008B66B1 /* challenges_100_days_of_swift_uiUITestsLaunchTests.swift in Sources */,
				684887162B6A507E008B66B1 /* challenges_100_days_of_swift_uiUITests.swift in Sources */,
			);
			runOnlyForDeploymentPostprocessing = 0;
		};
/* End PBXSourcesBuildPhase section */

/* Begin PBXTargetDependency section */
		684887092B6A507E008B66B1 /* PBXTargetDependency */ = {
			isa = PBXTargetDependency;
			target = 684886F62B6A507C008B66B1 /* challenges-100-days-of-swift-ui */;
			targetProxy = 684887082B6A507E008B66B1 /* PBXContainerItemProxy */;
		};
		684887132B6A507E008B66B1 /* PBXTargetDependency */ = {
			isa = PBXTargetDependency;
			target = 684886F62B6A507C008B66B1 /* challenges-100-days-of-swift-ui */;
			targetProxy = 684887122B6A507E008B66B1 /* PBXContainerItemProxy */;
		};
/* End PBXTargetDependency section */

/* Begin XCBuildConfiguration section */
		684887192B6A507E008B66B1 /* Debug */ = {
			isa = XCBuildConfiguration;
			buildSettings = {
				ALWAYS_SEARCH_USER_PATHS = NO;
				ASSETCATALOG_COMPILER_GENERATE_SWIFT_ASSET_SYMBOL_EXTENSIONS = YES;
				CLANG_ANALYZER_NONNULL = YES;
				CLANG_ANALYZER_NUMBER_OBJECT_CONVERSION = YES_AGGRESSIVE;
				CLANG_CXX_LANGUAGE_STANDARD = "gnu++20";
				CLANG_ENABLE_MODULES = YES;
				CLANG_ENABLE_OBJC_ARC = YES;
				CLANG_ENABLE_OBJC_WEAK = YES;
				CLANG_WARN_BLOCK_CAPTURE_AUTORELEASING = YES;
				CLANG_WARN_BOOL_CONVERSION = YES;
				CLANG_WARN_COMMA = YES;
				CLANG_WARN_CONSTANT_CONVERSION = YES;
				CLANG_WARN_DEPRECATED_OBJC_IMPLEMENTATIONS = YES;
				CLANG_WARN_DIRECT_OBJC_ISA_USAGE = YES_ERROR;
				CLANG_WARN_DOCUMENTATION_COMMENTS = YES;
				CLANG_WARN_EMPTY_BODY = YES;
				CLANG_WARN_ENUM_CONVERSION = YES;
				CLANG_WARN_INFINITE_RECURSION = YES;
				CLANG_WARN_INT_CONVERSION = YES;
				CLANG_WARN_NON_LITERAL_NULL_CONVERSION = YES;
				CLANG_WARN_OBJC_IMPLICIT_RETAIN_SELF = YES;
				CLANG_WARN_OBJC_LITERAL_CONVERSION = YES;
				CLANG_WARN_OBJC_ROOT_CLASS = YES_ERROR;
				CLANG_WARN_QUOTED_INCLUDE_IN_FRAMEWORK_HEADER = YES;
				CLANG_WARN_RANGE_LOOP_ANALYSIS = YES;
				CLANG_WARN_STRICT_PROTOTYPES = YES;
				CLANG_WARN_SUSPICIOUS_MOVE = YES;
				CLANG_WARN_UNGUARDED_AVAILABILITY = YES_AGGRESSIVE;
				CLANG_WARN_UNREACHABLE_CODE = YES;
				CLANG_WARN__DUPLICATE_METHOD_MATCH = YES;
				COPY_PHASE_STRIP = NO;
				DEBUG_INFORMATION_FORMAT = dwarf;
				ENABLE_STRICT_OBJC_MSGSEND = YES;
				ENABLE_TESTABILITY = YES;
				ENABLE_USER_SCRIPT_SANDBOXING = YES;
				GCC_C_LANGUAGE_STANDARD = gnu17;
				GCC_DYNAMIC_NO_PIC = NO;
				GCC_NO_COMMON_BLOCKS = YES;
				GCC_OPTIMIZATION_LEVEL = 0;
				GCC_PREPROCESSOR_DEFINITIONS = (
					"DEBUG=1",
					"$(inherited)",
				);
				GCC_WARN_64_TO_32_BIT_CONVERSION = YES;
				GCC_WARN_ABOUT_RETURN_TYPE = YES_ERROR;
				GCC_WARN_UNDECLARED_SELECTOR = YES;
				GCC_WARN_UNINITIALIZED_AUTOS = YES_AGGRESSIVE;
				GCC_WARN_UNUSED_FUNCTION = YES;
				GCC_WARN_UNUSED_VARIABLE = YES;
				IPHONEOS_DEPLOYMENT_TARGET = 17.2;
				LOCALIZATION_PREFERS_STRING_CATALOGS = YES;
				MTL_ENABLE_DEBUG_INFO = INCLUDE_SOURCE;
				MTL_FAST_MATH = YES;
				ONLY_ACTIVE_ARCH = YES;
				SDKROOT = iphoneos;
				SWIFT_ACTIVE_COMPILATION_CONDITIONS = "DEBUG $(inherited)";
				SWIFT_OPTIMIZATION_LEVEL = "-Onone";
			};
			name = Debug;
		};
		6848871A2B6A507E008B66B1 /* Release */ = {
			isa = XCBuildConfiguration;
			buildSettings = {
				ALWAYS_SEARCH_USER_PATHS = NO;
				ASSETCATALOG_COMPILER_GENERATE_SWIFT_ASSET_SYMBOL_EXTENSIONS = YES;
				CLANG_ANALYZER_NONNULL = YES;
				CLANG_ANALYZER_NUMBER_OBJECT_CONVERSION = YES_AGGRESSIVE;
				CLANG_CXX_LANGUAGE_STANDARD = "gnu++20";
				CLANG_ENABLE_MODULES = YES;
				CLANG_ENABLE_OBJC_ARC = YES;
				CLANG_ENABLE_OBJC_WEAK = YES;
				CLANG_WARN_BLOCK_CAPTURE_AUTORELEASING = YES;
				CLANG_WARN_BOOL_CONVERSION = YES;
				CLANG_WARN_COMMA = YES;
				CLANG_WARN_CONSTANT_CONVERSION = YES;
				CLANG_WARN_DEPRECATED_OBJC_IMPLEMENTATIONS = YES;
				CLANG_WARN_DIRECT_OBJC_ISA_USAGE = YES_ERROR;
				CLANG_WARN_DOCUMENTATION_COMMENTS = YES;
				CLANG_WARN_EMPTY_BODY = YES;
				CLANG_WARN_ENUM_CONVERSION = YES;
				CLANG_WARN_INFINITE_RECURSION = YES;
				CLANG_WARN_INT_CONVERSION = YES;
				CLANG_WARN_NON_LITERAL_NULL_CONVERSION = YES;
				CLANG_WARN_OBJC_IMPLICIT_RETAIN_SELF = YES;
				CLANG_WARN_OBJC_LITERAL_CONVERSION = YES;
				CLANG_WARN_OBJC_ROOT_CLASS = YES_ERROR;
				CLANG_WARN_QUOTED_INCLUDE_IN_FRAMEWORK_HEADER = YES;
				CLANG_WARN_RANGE_LOOP_ANALYSIS = YES;
				CLANG_WARN_STRICT_PROTOTYPES = YES;
				CLANG_WARN_SUSPICIOUS_MOVE = YES;
				CLANG_WARN_UNGUARDED_AVAILABILITY = YES_AGGRESSIVE;
				CLANG_WARN_UNREACHABLE_CODE = YES;
				CLANG_WARN__DUPLICATE_METHOD_MATCH = YES;
				COPY_PHASE_STRIP = NO;
				DEBUG_INFORMATION_FORMAT = "dwarf-with-dsym";
				ENABLE_NS_ASSERTIONS = NO;
				ENABLE_STRICT_OBJC_MSGSEND = YES;
				ENABLE_USER_SCRIPT_SANDBOXING = YES;
				GCC_C_LANGUAGE_STANDARD = gnu17;
				GCC_NO_COMMON_BLOCKS = YES;
				GCC_WARN_64_TO_32_BIT_CONVERSION = YES;
				GCC_WARN_ABOUT_RETURN_TYPE = YES_ERROR;
				GCC_WARN_UNDECLARED_SELECTOR = YES;
				GCC_WARN_UNINITIALIZED_AUTOS = YES_AGGRESSIVE;
				GCC_WARN_UNUSED_FUNCTION = YES;
				GCC_WARN_UNUSED_VARIABLE = YES;
				IPHONEOS_DEPLOYMENT_TARGET = 17.2;
				LOCALIZATION_PREFERS_STRING_CATALOGS = YES;
				MTL_ENABLE_DEBUG_INFO = NO;
				MTL_FAST_MATH = YES;
				SDKROOT = iphoneos;
				SWIFT_COMPILATION_MODE = wholemodule;
				VALIDATE_PRODUCT = YES;
			};
			name = Release;
		};
		6848871C2B6A507E008B66B1 /* Debug */ = {
			isa = XCBuildConfiguration;
			buildSettings = {
				ASSETCATALOG_COMPILER_APPICON_NAME = AppIcon;
				ASSETCATALOG_COMPILER_GLOBAL_ACCENT_COLOR_NAME = AccentColor;
				CODE_SIGN_STYLE = Automatic;
				CURRENT_PROJECT_VERSION = 1;
				DEVELOPMENT_ASSET_PATHS = "\"challenges-100-days-of-swift-ui/Preview Content\"";
				DEVELOPMENT_TEAM = 4R6949GRZ7;
				ENABLE_PREVIEWS = YES;
				GENERATE_INFOPLIST_FILE = YES;
				INFOPLIST_KEY_UIApplicationSceneManifest_Generation = YES;
				INFOPLIST_KEY_UIApplicationSupportsIndirectInputEvents = YES;
				INFOPLIST_KEY_UILaunchScreen_Generation = YES;
				INFOPLIST_KEY_UISupportedInterfaceOrientations_iPad = "UIInterfaceOrientationPortrait UIInterfaceOrientationPortraitUpsideDown UIInterfaceOrientationLandscapeLeft UIInterfaceOrientationLandscapeRight";
				INFOPLIST_KEY_UISupportedInterfaceOrientations_iPhone = "UIInterfaceOrientationPortrait UIInterfaceOrientationLandscapeLeft UIInterfaceOrientationLandscapeRight";
				LD_RUNPATH_SEARCH_PATHS = (
					"$(inherited)",
					"@executable_path/Frameworks",
				);
				MARKETING_VERSION = 1.0;
				PRODUCT_BUNDLE_IDENTIFIER = "com.ilyasbugra.challenges-100-days-of-swift-ui";
				PRODUCT_NAME = "$(TARGET_NAME)";
				SWIFT_EMIT_LOC_STRINGS = YES;
				SWIFT_VERSION = 5.0;
				TARGETED_DEVICE_FAMILY = "1,2";
			};
			name = Debug;
		};
		6848871D2B6A507E008B66B1 /* Release */ = {
			isa = XCBuildConfiguration;
			buildSettings = {
				ASSETCATALOG_COMPILER_APPICON_NAME = AppIcon;
				ASSETCATALOG_COMPILER_GLOBAL_ACCENT_COLOR_NAME = AccentColor;
				CODE_SIGN_STYLE = Automatic;
				CURRENT_PROJECT_VERSION = 1;
				DEVELOPMENT_ASSET_PATHS = "\"challenges-100-days-of-swift-ui/Preview Content\"";
				DEVELOPMENT_TEAM = 4R6949GRZ7;
				ENABLE_PREVIEWS = YES;
				GENERATE_INFOPLIST_FILE = YES;
				INFOPLIST_KEY_UIApplicationSceneManifest_Generation = YES;
				INFOPLIST_KEY_UIApplicationSupportsIndirectInputEvents = YES;
				INFOPLIST_KEY_UILaunchScreen_Generation = YES;
				INFOPLIST_KEY_UISupportedInterfaceOrientations_iPad = "UIInterfaceOrientationPortrait UIInterfaceOrientationPortraitUpsideDown UIInterfaceOrientationLandscapeLeft UIInterfaceOrientationLandscapeRight";
				INFOPLIST_KEY_UISupportedInterfaceOrientations_iPhone = "UIInterfaceOrientationPortrait UIInterfaceOrientationLandscapeLeft UIInterfaceOrientationLandscapeRight";
				LD_RUNPATH_SEARCH_PATHS = (
					"$(inherited)",
					"@executable_path/Frameworks",
				);
				MARKETING_VERSION = 1.0;
				PRODUCT_BUNDLE_IDENTIFIER = "com.ilyasbugra.challenges-100-days-of-swift-ui";
				PRODUCT_NAME = "$(TARGET_NAME)";
				SWIFT_EMIT_LOC_STRINGS = YES;
				SWIFT_VERSION = 5.0;
				TARGETED_DEVICE_FAMILY = "1,2";
			};
			name = Release;
		};
		6848871F2B6A507E008B66B1 /* Debug */ = {
			isa = XCBuildConfiguration;
			buildSettings = {
				ALWAYS_EMBED_SWIFT_STANDARD_LIBRARIES = YES;
				BUNDLE_LOADER = "$(TEST_HOST)";
				CODE_SIGN_STYLE = Automatic;
				CURRENT_PROJECT_VERSION = 1;
				DEVELOPMENT_TEAM = 4R6949GRZ7;
				GENERATE_INFOPLIST_FILE = YES;
				IPHONEOS_DEPLOYMENT_TARGET = 17.2;
				MARKETING_VERSION = 1.0;
				PRODUCT_BUNDLE_IDENTIFIER = "com.ilyasbugra.challenges-100-days-of-swift-uiTests";
				PRODUCT_NAME = "$(TARGET_NAME)";
				SWIFT_EMIT_LOC_STRINGS = NO;
				SWIFT_VERSION = 5.0;
				TARGETED_DEVICE_FAMILY = "1,2";
				TEST_HOST = "$(BUILT_PRODUCTS_DIR)/challenges-100-days-of-swift-ui.app/$(BUNDLE_EXECUTABLE_FOLDER_PATH)/challenges-100-days-of-swift-ui";
			};
			name = Debug;
		};
		684887202B6A507E008B66B1 /* Release */ = {
			isa = XCBuildConfiguration;
			buildSettings = {
				ALWAYS_EMBED_SWIFT_STANDARD_LIBRARIES = YES;
				BUNDLE_LOADER = "$(TEST_HOST)";
				CODE_SIGN_STYLE = Automatic;
				CURRENT_PROJECT_VERSION = 1;
				DEVELOPMENT_TEAM = 4R6949GRZ7;
				GENERATE_INFOPLIST_FILE = YES;
				IPHONEOS_DEPLOYMENT_TARGET = 17.2;
				MARKETING_VERSION = 1.0;
				PRODUCT_BUNDLE_IDENTIFIER = "com.ilyasbugra.challenges-100-days-of-swift-uiTests";
				PRODUCT_NAME = "$(TARGET_NAME)";
				SWIFT_EMIT_LOC_STRINGS = NO;
				SWIFT_VERSION = 5.0;
				TARGETED_DEVICE_FAMILY = "1,2";
				TEST_HOST = "$(BUILT_PRODUCTS_DIR)/challenges-100-days-of-swift-ui.app/$(BUNDLE_EXECUTABLE_FOLDER_PATH)/challenges-100-days-of-swift-ui";
			};
			name = Release;
		};
		684887222B6A507E008B66B1 /* Debug */ = {
			isa = XCBuildConfiguration;
			buildSettings = {
				ALWAYS_EMBED_SWIFT_STANDARD_LIBRARIES = YES;
				CODE_SIGN_STYLE = Automatic;
				CURRENT_PROJECT_VERSION = 1;
				DEVELOPMENT_TEAM = 4R6949GRZ7;
				GENERATE_INFOPLIST_FILE = YES;
				MARKETING_VERSION = 1.0;
				PRODUCT_BUNDLE_IDENTIFIER = "com.ilyasbugra.challenges-100-days-of-swift-uiUITests";
				PRODUCT_NAME = "$(TARGET_NAME)";
				SWIFT_EMIT_LOC_STRINGS = NO;
				SWIFT_VERSION = 5.0;
				TARGETED_DEVICE_FAMILY = "1,2";
				TEST_TARGET_NAME = "challenges-100-days-of-swift-ui";
			};
			name = Debug;
		};
		684887232B6A507E008B66B1 /* Release */ = {
			isa = XCBuildConfiguration;
			buildSettings = {
				ALWAYS_EMBED_SWIFT_STANDARD_LIBRARIES = YES;
				CODE_SIGN_STYLE = Automatic;
				CURRENT_PROJECT_VERSION = 1;
				DEVELOPMENT_TEAM = 4R6949GRZ7;
				GENERATE_INFOPLIST_FILE = YES;
				MARKETING_VERSION = 1.0;
				PRODUCT_BUNDLE_IDENTIFIER = "com.ilyasbugra.challenges-100-days-of-swift-uiUITests";
				PRODUCT_NAME = "$(TARGET_NAME)";
				SWIFT_EMIT_LOC_STRINGS = NO;
				SWIFT_VERSION = 5.0;
				TARGETED_DEVICE_FAMILY = "1,2";
				TEST_TARGET_NAME = "challenges-100-days-of-swift-ui";
			};
			name = Release;
		};
/* End XCBuildConfiguration section */

/* Begin XCConfigurationList section */
		684886F22B6A507C008B66B1 /* Build configuration list for PBXProject "challenges-100-days-of-swift-ui" */ = {
			isa = XCConfigurationList;
			buildConfigurations = (
				684887192B6A507E008B66B1 /* Debug */,
				6848871A2B6A507E008B66B1 /* Release */,
			);
			defaultConfigurationIsVisible = 0;
			defaultConfigurationName = Release;
		};
		6848871B2B6A507E008B66B1 /* Build configuration list for PBXNativeTarget "challenges-100-days-of-swift-ui" */ = {
			isa = XCConfigurationList;
			buildConfigurations = (
				6848871C2B6A507E008B66B1 /* Debug */,
				6848871D2B6A507E008B66B1 /* Release */,
			);
			defaultConfigurationIsVisible = 0;
			defaultConfigurationName = Release;
		};
		6848871E2B6A507E008B66B1 /* Build configuration list for PBXNativeTarget "challenges-100-days-of-swift-uiTests" */ = {
			isa = XCConfigurationList;
			buildConfigurations = (
				6848871F2B6A507E008B66B1 /* Debug */,
				684887202B6A507E008B66B1 /* Release */,
			);
			defaultConfigurationIsVisible = 0;
			defaultConfigurationName = Release;
		};
		684887212B6A507E008B66B1 /* Build configuration list for PBXNativeTarget "challenges-100-days-of-swift-uiUITests" */ = {
			isa = XCConfigurationList;
			buildConfigurations = (
				684887222B6A507E008B66B1 /* Debug */,
				684887232B6A507E008B66B1 /* Release */,
			);
			defaultConfigurationIsVisible = 0;
			defaultConfigurationName = Release;
		};
/* End XCConfigurationList section */
	};
	rootObject = 684886EF2B6A507C008B66B1 /* Project object */;
}
